# THIS IS AN AUTOGENERATED FILE. DO NOT EDIT THIS FILE DIRECTLY.
# yarn lockfile v1


shelljs.exec@^1.1.8:
  version "1.1.8"
  resolved "https://registry.yarnpkg.com/shelljs.exec/-/shelljs.exec-1.1.8.tgz#6f3c8dd017cb96d2dea82e712b758eab4fc2f68c"
  integrity sha512-vFILCw+lzUtiwBAHV8/Ex8JsFjelFMdhONIsgKNLgTzeRckp2AOYRQtHJE/9LhNvdMmE27AGtzWx0+DHpwIwSw==
